// !$*UTF8*$!
{
	archiveVersion = 1;
	classes = {
	};
	objectVersion = 50;
	objects = {

/* Begin PBXBuildFile section */
		7B0986FB22F6499B00C7DA45 /* VoodooInputEngine.hpp in Headers */ = {isa = PBXBuildFile; fileRef = 7B0986FA22F6499B00C7DA45 /* VoodooInputEngine.hpp */; };
		7B0986FD22F6499B00C7DA45 /* VoodooInputEngine.cpp in Sources */ = {isa = PBXBuildFile; fileRef = 7B0986FC22F6499B00C7DA45 /* VoodooInputEngine.cpp */; };
		7B09870C22F64A9100C7DA45 /* VoodooInputMessages.h in Headers */ = {isa = PBXBuildFile; fileRef = 7B09870922F64A9100C7DA45 /* VoodooInputMessages.h */; };
		7B09870D22F64A9100C7DA45 /* VoodooInputEvent.h in Headers */ = {isa = PBXBuildFile; fileRef = 7B09870A22F64A9100C7DA45 /* VoodooInputEvent.h */; };
		7B09870E22F64A9100C7DA45 /* VoodooInputTransducer.h in Headers */ = {isa = PBXBuildFile; fileRef = 7B09870B22F64A9100C7DA45 /* VoodooInputTransducer.h */; };
		7B09871422F64A9B00C7DA45 /* VoodooI2CMultitouchEngine.hpp in Headers */ = {isa = PBXBuildFile; fileRef = 7B09870F22F64A9B00C7DA45 /* VoodooI2CMultitouchEngine.hpp */; };
		7B09871522F64A9B00C7DA45 /* VoodooI2CMultitouchInterface.hpp in Headers */ = {isa = PBXBuildFile; fileRef = 7B09871022F64A9B00C7DA45 /* VoodooI2CMultitouchInterface.hpp */; };
		7B09871622F64A9B00C7DA45 /* VoodooI2CDigitiserTransducer.hpp in Headers */ = {isa = PBXBuildFile; fileRef = 7B09871122F64A9B00C7DA45 /* VoodooI2CDigitiserTransducer.hpp */; };
		7B09871722F64A9B00C7DA45 /* MultitouchHelpers.hpp in Headers */ = {isa = PBXBuildFile; fileRef = 7B09871222F64A9B00C7DA45 /* MultitouchHelpers.hpp */; };
		7B09871822F64A9B00C7DA45 /* VoodooI2CDigitiserStylus.hpp in Headers */ = {isa = PBXBuildFile; fileRef = 7B09871322F64A9B00C7DA45 /* VoodooI2CDigitiserStylus.hpp */; };
/* End PBXBuildFile section */

/* Begin PBXFileReference section */
		7B0986F722F6499B00C7DA45 /* VoodooInputEngine.kext */ = {isa = PBXFileReference; explicitFileType = wrapper.cfbundle; includeInIndex = 0; path = VoodooInputEngine.kext; sourceTree = BUILT_PRODUCTS_DIR; };
		7B0986FA22F6499B00C7DA45 /* VoodooInputEngine.hpp */ = {isa = PBXFileReference; lastKnownFileType = sourcecode.cpp.h; path = VoodooInputEngine.hpp; sourceTree = "<group>"; };
		7B0986FC22F6499B00C7DA45 /* VoodooInputEngine.cpp */ = {isa = PBXFileReference; lastKnownFileType = sourcecode.cpp.cpp; path = VoodooInputEngine.cpp; sourceTree = "<group>"; };
		7B0986FE22F6499B00C7DA45 /* Info.plist */ = {isa = PBXFileReference; lastKnownFileType = text.plist.xml; path = Info.plist; sourceTree = "<group>"; };
		7B09870922F64A9100C7DA45 /* VoodooInputMessages.h */ = {isa = PBXFileReference; fileEncoding = 4; lastKnownFileType = sourcecode.c.h; path = VoodooInputMessages.h; sourceTree = "<group>"; };
		7B09870A22F64A9100C7DA45 /* VoodooInputEvent.h */ = {isa = PBXFileReference; fileEncoding = 4; lastKnownFileType = sourcecode.c.h; path = VoodooInputEvent.h; sourceTree = "<group>"; };
		7B09870B22F64A9100C7DA45 /* VoodooInputTransducer.h */ = {isa = PBXFileReference; fileEncoding = 4; lastKnownFileType = sourcecode.c.h; path = VoodooInputTransducer.h; sourceTree = "<group>"; };
		7B09870F22F64A9B00C7DA45 /* VoodooI2CMultitouchEngine.hpp */ = {isa = PBXFileReference; fileEncoding = 4; lastKnownFileType = sourcecode.cpp.h; path = VoodooI2CMultitouchEngine.hpp; sourceTree = "<group>"; };
		7B09871022F64A9B00C7DA45 /* VoodooI2CMultitouchInterface.hpp */ = {isa = PBXFileReference; fileEncoding = 4; lastKnownFileType = sourcecode.cpp.h; path = VoodooI2CMultitouchInterface.hpp; sourceTree = "<group>"; };
		7B09871122F64A9B00C7DA45 /* VoodooI2CDigitiserTransducer.hpp */ = {isa = PBXFileReference; fileEncoding = 4; lastKnownFileType = sourcecode.cpp.h; path = VoodooI2CDigitiserTransducer.hpp; sourceTree = "<group>"; };
		7B09871222F64A9B00C7DA45 /* MultitouchHelpers.hpp */ = {isa = PBXFileReference; fileEncoding = 4; lastKnownFileType = sourcecode.cpp.h; path = MultitouchHelpers.hpp; sourceTree = "<group>"; };
		7B09871322F64A9B00C7DA45 /* VoodooI2CDigitiserStylus.hpp */ = {isa = PBXFileReference; fileEncoding = 4; lastKnownFileType = sourcecode.cpp.h; path = VoodooI2CDigitiserStylus.hpp; sourceTree = "<group>"; };
/* End PBXFileReference section */

/* Begin PBXFrameworksBuildPhase section */
		7B0986F422F6499B00C7DA45 /* Frameworks */ = {
			isa = PBXFrameworksBuildPhase;
			buildActionMask = 2147483647;
			files = (
			);
			runOnlyForDeploymentPostprocessing = 0;
		};
/* End PBXFrameworksBuildPhase section */

/* Begin PBXGroup section */
		7B0986ED22F6499B00C7DA45 = {
			isa = PBXGroup;
			children = (
				7B0986F922F6499B00C7DA45 /* VoodooInputEngine */,
				7B0986F822F6499B00C7DA45 /* Products */,
			);
			sourceTree = "<group>";
		};
		7B0986F822F6499B00C7DA45 /* Products */ = {
			isa = PBXGroup;
			children = (
				7B0986F722F6499B00C7DA45 /* VoodooInputEngine.kext */,
			);
			name = Products;
			sourceTree = "<group>";
		};
		7B0986F922F6499B00C7DA45 /* VoodooInputEngine */ = {
			isa = PBXGroup;
			children = (
				7B09870622F64A1A00C7DA45 /* Headers */,
				7B0986FA22F6499B00C7DA45 /* VoodooInputEngine.hpp */,
				7B0986FC22F6499B00C7DA45 /* VoodooInputEngine.cpp */,
				7B0986FE22F6499B00C7DA45 /* Info.plist */,
			);
			path = VoodooInputEngine;
			sourceTree = "<group>";
		};
		7B09870622F64A1A00C7DA45 /* Headers */ = {
			isa = PBXGroup;
			children = (
				7B09870722F64A1F00C7DA45 /* VoodooInput */,
				7B09870822F64A2600C7DA45 /* VoodooI2C */,
			);
			path = Headers;
			sourceTree = "<group>";
		};
		7B09870722F64A1F00C7DA45 /* VoodooInput */ = {
			isa = PBXGroup;
			children = (
				7B09870A22F64A9100C7DA45 /* VoodooInputEvent.h */,
				7B09870922F64A9100C7DA45 /* VoodooInputMessages.h */,
				7B09870B22F64A9100C7DA45 /* VoodooInputTransducer.h */,
			);
			path = VoodooInput;
			sourceTree = "<group>";
		};
		7B09870822F64A2600C7DA45 /* VoodooI2C */ = {
			isa = PBXGroup;
			children = (
				7B09871222F64A9B00C7DA45 /* MultitouchHelpers.hpp */,
				7B09871322F64A9B00C7DA45 /* VoodooI2CDigitiserStylus.hpp */,
				7B09871122F64A9B00C7DA45 /* VoodooI2CDigitiserTransducer.hpp */,
				7B09870F22F64A9B00C7DA45 /* VoodooI2CMultitouchEngine.hpp */,
				7B09871022F64A9B00C7DA45 /* VoodooI2CMultitouchInterface.hpp */,
			);
			path = VoodooI2C;
			sourceTree = "<group>";
		};
/* End PBXGroup section */

/* Begin PBXHeadersBuildPhase section */
		7B0986F222F6499B00C7DA45 /* Headers */ = {
			isa = PBXHeadersBuildPhase;
			buildActionMask = 2147483647;
			files = (
				7B09871522F64A9B00C7DA45 /* VoodooI2CMultitouchInterface.hpp in Headers */,
				7B0986FB22F6499B00C7DA45 /* VoodooInputEngine.hpp in Headers */,
				7B09871422F64A9B00C7DA45 /* VoodooI2CMultitouchEngine.hpp in Headers */,
				7B09871822F64A9B00C7DA45 /* VoodooI2CDigitiserStylus.hpp in Headers */,
				7B09871622F64A9B00C7DA45 /* VoodooI2CDigitiserTransducer.hpp in Headers */,
				7B09871722F64A9B00C7DA45 /* MultitouchHelpers.hpp in Headers */,
				7B09870D22F64A9100C7DA45 /* VoodooInputEvent.h in Headers */,
				7B09870E22F64A9100C7DA45 /* VoodooInputTransducer.h in Headers */,
				7B09870C22F64A9100C7DA45 /* VoodooInputMessages.h in Headers */,
			);
			runOnlyForDeploymentPostprocessing = 0;
		};
/* End PBXHeadersBuildPhase section */

/* Begin PBXNativeTarget section */
		7B0986F622F6499B00C7DA45 /* VoodooInputEngine */ = {
			isa = PBXNativeTarget;
			buildConfigurationList = 7B09870122F6499B00C7DA45 /* Build configuration list for PBXNativeTarget "VoodooInputEngine" */;
			buildPhases = (
				7B0986F222F6499B00C7DA45 /* Headers */,
				7B0986F322F6499B00C7DA45 /* Sources */,
				7B0986F422F6499B00C7DA45 /* Frameworks */,
				7B0986F522F6499B00C7DA45 /* Resources */,
			);
			buildRules = (
			);
			dependencies = (
			);
			name = VoodooInputEngine;
			productName = VoodooInputEngine;
			productReference = 7B0986F722F6499B00C7DA45 /* VoodooInputEngine.kext */;
			productType = "com.apple.product-type.kernel-extension";
		};
/* End PBXNativeTarget section */

/* Begin PBXProject section */
		7B0986EE22F6499B00C7DA45 /* Project object */ = {
			isa = PBXProject;
			attributes = {
				LastUpgradeCheck = 1020;
				ORGANIZATIONNAME = "Kishor Prins";
				TargetAttributes = {
					7B0986F622F6499B00C7DA45 = {
						CreatedOnToolsVersion = 10.2.1;
					};
				};
			};
			buildConfigurationList = 7B0986F122F6499B00C7DA45 /* Build configuration list for PBXProject "VoodooInputEngine" */;
			compatibilityVersion = "Xcode 9.3";
			developmentRegion = en;
			hasScannedForEncodings = 0;
			knownRegions = (
				en,
			);
			mainGroup = 7B0986ED22F6499B00C7DA45;
			productRefGroup = 7B0986F822F6499B00C7DA45 /* Products */;
			projectDirPath = "";
			projectRoot = "";
			targets = (
				7B0986F622F6499B00C7DA45 /* VoodooInputEngine */,
			);
		};
/* End PBXProject section */

/* Begin PBXResourcesBuildPhase section */
		7B0986F522F6499B00C7DA45 /* Resources */ = {
			isa = PBXResourcesBuildPhase;
			buildActionMask = 2147483647;
			files = (
			);
			runOnlyForDeploymentPostprocessing = 0;
		};
/* End PBXResourcesBuildPhase section */

/* Begin PBXSourcesBuildPhase section */
		7B0986F322F6499B00C7DA45 /* Sources */ = {
			isa = PBXSourcesBuildPhase;
			buildActionMask = 2147483647;
			files = (
				7B0986FD22F6499B00C7DA45 /* VoodooInputEngine.cpp in Sources */,
			);
			runOnlyForDeploymentPostprocessing = 0;
		};
/* End PBXSourcesBuildPhase section */

/* Begin XCBuildConfiguration section */
		7B0986FF22F6499B00C7DA45 /* Debug */ = {
			isa = XCBuildConfiguration;
			buildSettings = {
				ALWAYS_SEARCH_USER_PATHS = NO;
				CLANG_ANALYZER_NONNULL = YES;
				CLANG_ANALYZER_NUMBER_OBJECT_CONVERSION = YES_AGGRESSIVE;
				CLANG_CXX_LANGUAGE_STANDARD = "gnu++14";
				CLANG_CXX_LIBRARY = "libc++";
				CLANG_ENABLE_MODULES = YES;
				CLANG_ENABLE_OBJC_ARC = YES;
				CLANG_ENABLE_OBJC_WEAK = YES;
				CLANG_WARN_BLOCK_CAPTURE_AUTORELEASING = YES;
				CLANG_WARN_BOOL_CONVERSION = YES;
				CLANG_WARN_COMMA = YES;
				CLANG_WARN_CONSTANT_CONVERSION = YES;
				CLANG_WARN_DEPRECATED_OBJC_IMPLEMENTATIONS = YES;
				CLANG_WARN_DIRECT_OBJC_ISA_USAGE = YES_ERROR;
				CLANG_WARN_DOCUMENTATION_COMMENTS = YES;
				CLANG_WARN_EMPTY_BODY = YES;
				CLANG_WARN_ENUM_CONVERSION = YES;
				CLANG_WARN_INFINITE_RECURSION = YES;
				CLANG_WARN_INT_CONVERSION = YES;
				CLANG_WARN_NON_LITERAL_NULL_CONVERSION = YES;
				CLANG_WARN_OBJC_IMPLICIT_RETAIN_SELF = YES;
				CLANG_WARN_OBJC_LITERAL_CONVERSION = YES;
				CLANG_WARN_OBJC_ROOT_CLASS = YES_ERROR;
				CLANG_WARN_RANGE_LOOP_ANALYSIS = YES;
				CLANG_WARN_STRICT_PROTOTYPES = YES;
				CLANG_WARN_SUSPICIOUS_MOVE = YES;
				CLANG_WARN_UNGUARDED_AVAILABILITY = YES_AGGRESSIVE;
				CLANG_WARN_UNREACHABLE_CODE = YES;
				CLANG_WARN__DUPLICATE_METHOD_MATCH = YES;
				CODE_SIGN_IDENTITY = "-";
				COPY_PHASE_STRIP = NO;
				DEBUG_INFORMATION_FORMAT = dwarf;
				ENABLE_STRICT_OBJC_MSGSEND = YES;
				ENABLE_TESTABILITY = YES;
				GCC_C_LANGUAGE_STANDARD = gnu11;
				GCC_DYNAMIC_NO_PIC = NO;
				GCC_NO_COMMON_BLOCKS = YES;
				GCC_OPTIMIZATION_LEVEL = 0;
				GCC_PREPROCESSOR_DEFINITIONS = (
					"DEBUG=1",
					"$(inherited)",
				);
				GCC_WARN_64_TO_32_BIT_CONVERSION = YES;
				GCC_WARN_ABOUT_RETURN_TYPE = YES_ERROR;
				GCC_WARN_UNDECLARED_SELECTOR = YES;
				GCC_WARN_UNINITIALIZED_AUTOS = YES_AGGRESSIVE;
				GCC_WARN_UNUSED_FUNCTION = YES;
				GCC_WARN_UNUSED_VARIABLE = YES;
				MACOSX_DEPLOYMENT_TARGET = 10.14;
				MTL_ENABLE_DEBUG_INFO = INCLUDE_SOURCE;
				MTL_FAST_MATH = YES;
				ONLY_ACTIVE_ARCH = YES;
				SDKROOT = macosx;
			};
			name = Debug;
		};
		7B09870022F6499B00C7DA45 /* Release */ = {
			isa = XCBuildConfiguration;
			buildSettings = {
				ALWAYS_SEARCH_USER_PATHS = NO;
				CLANG_ANALYZER_NONNULL = YES;
				CLANG_ANALYZER_NUMBER_OBJECT_CONVERSION = YES_AGGRESSIVE;
				CLANG_CXX_LANGUAGE_STANDARD = "gnu++14";
				CLANG_CXX_LIBRARY = "libc++";
				CLANG_ENABLE_MODULES = YES;
				CLANG_ENABLE_OBJC_ARC = YES;
				CLANG_ENABLE_OBJC_WEAK = YES;
				CLANG_WARN_BLOCK_CAPTURE_AUTORELEASING = YES;
				CLANG_WARN_BOOL_CONVERSION = YES;
				CLANG_WARN_COMMA = YES;
				CLANG_WARN_CONSTANT_CONVERSION = YES;
				CLANG_WARN_DEPRECATED_OBJC_IMPLEMENTATIONS = YES;
				CLANG_WARN_DIRECT_OBJC_ISA_USAGE = YES_ERROR;
				CLANG_WARN_DOCUMENTATION_COMMENTS = YES;
				CLANG_WARN_EMPTY_BODY = YES;
				CLANG_WARN_ENUM_CONVERSION = YES;
				CLANG_WARN_INFINITE_RECURSION = YES;
				CLANG_WARN_INT_CONVERSION = YES;
				CLANG_WARN_NON_LITERAL_NULL_CONVERSION = YES;
				CLANG_WARN_OBJC_IMPLICIT_RETAIN_SELF = YES;
				CLANG_WARN_OBJC_LITERAL_CONVERSION = YES;
				CLANG_WARN_OBJC_ROOT_CLASS = YES_ERROR;
				CLANG_WARN_RANGE_LOOP_ANALYSIS = YES;
				CLANG_WARN_STRICT_PROTOTYPES = YES;
				CLANG_WARN_SUSPICIOUS_MOVE = YES;
				CLANG_WARN_UNGUARDED_AVAILABILITY = YES_AGGRESSIVE;
				CLANG_WARN_UNREACHABLE_CODE = YES;
				CLANG_WARN__DUPLICATE_METHOD_MATCH = YES;
				CODE_SIGN_IDENTITY = "-";
				COPY_PHASE_STRIP = NO;
				DEBUG_INFORMATION_FORMAT = "dwarf-with-dsym";
				ENABLE_NS_ASSERTIONS = NO;
				ENABLE_STRICT_OBJC_MSGSEND = YES;
				GCC_C_LANGUAGE_STANDARD = gnu11;
				GCC_NO_COMMON_BLOCKS = YES;
				GCC_WARN_64_TO_32_BIT_CONVERSION = YES;
				GCC_WARN_ABOUT_RETURN_TYPE = YES_ERROR;
				GCC_WARN_UNDECLARED_SELECTOR = YES;
				GCC_WARN_UNINITIALIZED_AUTOS = YES_AGGRESSIVE;
				GCC_WARN_UNUSED_FUNCTION = YES;
				GCC_WARN_UNUSED_VARIABLE = YES;
				MACOSX_DEPLOYMENT_TARGET = 10.14;
				MTL_ENABLE_DEBUG_INFO = NO;
				MTL_FAST_MATH = YES;
				SDKROOT = macosx;
			};
			name = Release;
		};
		7B09870222F6499B00C7DA45 /* Debug */ = {
			isa = XCBuildConfiguration;
			buildSettings = {
				CODE_SIGN_STYLE = Automatic;
				COMBINE_HIDPI_IMAGES = YES;
				CURRENT_PROJECT_VERSION = 1.0.0d1;
				INFOPLIST_FILE = VoodooInputEngine/Info.plist;
				MODULE_NAME = me.kishorprins.VoodooInputEngine;
				MODULE_VERSION = 1.0.0d1;
				PRODUCT_BUNDLE_IDENTIFIER = me.kishorprins.VoodooInputEngine;
				PRODUCT_NAME = "$(TARGET_NAME)";
				WRAPPER_EXTENSION = kext;
			};
			name = Debug;
		};
		7B09870322F6499B00C7DA45 /* Release */ = {
			isa = XCBuildConfiguration;
			buildSettings = {
				CODE_SIGN_STYLE = Automatic;
				COMBINE_HIDPI_IMAGES = YES;
				CURRENT_PROJECT_VERSION = 1.0.0d1;
				INFOPLIST_FILE = VoodooInputEngine/Info.plist;
				MODULE_NAME = me.kishorprins.VoodooInputEngine;
				MODULE_VERSION = 1.0.0d1;
				PRODUCT_BUNDLE_IDENTIFIER = me.kishorprins.VoodooInputEngine;
				PRODUCT_NAME = "$(TARGET_NAME)";
				WRAPPER_EXTENSION = kext;
			};
			name = Release;
		};
/* End XCBuildConfiguration section */

/* Begin XCConfigurationList section */
		7B0986F122F6499B00C7DA45 /* Build configuration list for PBXProject "VoodooInputEngine" */ = {
			isa = XCConfigurationList;
			buildConfigurations = (
				7B0986FF22F6499B00C7DA45 /* Debug */,
				7B09870022F6499B00C7DA45 /* Release */,
			);
			defaultConfigurationIsVisible = 0;
			defaultConfigurationName = Release;
		};
		7B09870122F6499B00C7DA45 /* Build configuration list for PBXNativeTarget "VoodooInputEngine" */ = {
			isa = XCConfigurationList;
			buildConfigurations = (
				7B09870222F6499B00C7DA45 /* Debug */,
				7B09870322F6499B00C7DA45 /* Release */,
			);
			defaultConfigurationIsVisible = 0;
			defaultConfigurationName = Release;
		};
/* End XCConfigurationList section */
	};
	rootObject = 7B0986EE22F6499B00C7DA45 /* Project object */;
}
